Microsoft Visual Studio Solution File, Format Version 12.00
# Visual Studio 15
VisualStudioVersion = 15.0.26403.7
MinimumVisualStudioVersion = 10.0.40219.1
Project("{2150E333-8FDC-42A3-9474-1A3956D46DE8}") = "src", "src", "{A8A1A4EE-E04A-43AB-90C9-41E7B82EE1E5}"
EndProject
Project("{2150E333-8FDC-42A3-9474-1A3956D46DE8}") = "misc", "misc", "{1FE0D431-A761-4239-B2D6-D32C70723FD2}"
	ProjectSection(SolutionItems) = preProject
		Directory.build.project.props = Directory.build.project.props
		Directory.build.props = Directory.build.props
		Directory.build.shared.explicit.props = Directory.build.shared.explicit.props
		Directory.build.shared.implicit.props = Directory.build.shared.implicit.props
		Directory.build.targets = Directory.build.targets
		GlobalSuppressions.cs = GlobalSuppressions.cs
		nuget.config = nuget.config
		Orc.Memento.sln.DotSettings = Orc.Memento.sln.DotSettings
		SolutionAssemblyInfo.cs = SolutionAssemblyInfo.cs
	EndProjectSection
EndProject
Project("{2150E333-8FDC-42A3-9474-1A3956D46DE8}") = "Core", "Core", "{0787DFC6-AB24-4D00-A8A4-FF203DC7D080}"
EndProject
Project("{2150E333-8FDC-42A3-9474-1A3956D46DE8}") = "Tests", "Tests", "{D3EA1078-BF3D-4709-871C-AAFF70B95045}"
EndProject
Project("{2150E333-8FDC-42A3-9474-1A3956D46DE8}") = "Example", "Example", "{672BFA2E-9F93-496F-B188-40579FB5D301}"
EndProject
Project("{9A19103F-16F7-4668-BE54-9A1E7A4F7556}") = "Orc.Memento", "Orc.Memento\Orc.Memento.csproj", "{E0370049-54DB-46B4-A6EF-CF6AF3A8A568}"
EndProject
Project("{D954291E-2A0B-460D-934E-DC6B0785DB48}") = "Orc.Memento.Example.Shared", "Orc.Memento.Example.Shared\Orc.Memento.Example.Shared.shproj", "{22B2A860-9CB2-44DE-9C68-B497BF356CFA}"
EndProject
Project("{9A19103F-16F7-4668-BE54-9A1E7A4F7556}") = "Orc.Memento.Example.NET", "Orc.Memento.Example.NET\Orc.Memento.Example.NET.csproj", "{7C9DF271-17CD-4FE7-A7B4-21446232AB0E}"
EndProject
Project("{9A19103F-16F7-4668-BE54-9A1E7A4F7556}") = "Orc.Memento.Tests", "Orc.Memento.Tests\Orc.Memento.Tests.csproj", "{7A04BF3F-D9DC-4959-A130-5D587A7459FB}"
EndProject
Global
	GlobalSection(SharedMSBuildProjectFiles) = preSolution
		Orc.Memento.Example.Shared\Orc.Memento.Example.Shared.projitems*{22b2a860-9cb2-44de-9c68-b497bf356cfa}*SharedItemsImports = 13
	EndGlobalSection
	GlobalSection(SolutionConfigurationPlatforms) = preSolution
		Debug|Any CPU = Debug|Any CPU
		Release|Any CPU = Release|Any CPU
	EndGlobalSection
	GlobalSection(ProjectConfigurationPlatforms) = postSolution
		{E0370049-54DB-46B4-A6EF-CF6AF3A8A568}.Debug|Any CPU.ActiveCfg = Debug|Any CPU
		{E0370049-54DB-46B4-A6EF-CF6AF3A8A568}.Debug|Any CPU.Build.0 = Debug|Any CPU
		{E0370049-54DB-46B4-A6EF-CF6AF3A8A568}.Release|Any CPU.ActiveCfg = Release|Any CPU
		{E0370049-54DB-46B4-A6EF-CF6AF3A8A568}.Release|Any CPU.Build.0 = Release|Any CPU
		{7C9DF271-17CD-4FE7-A7B4-21446232AB0E}.Debug|Any CPU.ActiveCfg = Debug|Any CPU
		{7C9DF271-17CD-4FE7-A7B4-21446232AB0E}.Debug|Any CPU.Build.0 = Debug|Any CPU
		{7C9DF271-17CD-4FE7-A7B4-21446232AB0E}.Release|Any CPU.ActiveCfg = Release|Any CPU
		{7C9DF271-17CD-4FE7-A7B4-21446232AB0E}.Release|Any CPU.Build.0 = Release|Any CPU
		{7A04BF3F-D9DC-4959-A130-5D587A7459FB}.Debug|Any CPU.ActiveCfg = Debug|Any CPU
		{7A04BF3F-D9DC-4959-A130-5D587A7459FB}.Debug|Any CPU.Build.0 = Debug|Any CPU
		{7A04BF3F-D9DC-4959-A130-5D587A7459FB}.Release|Any CPU.ActiveCfg = Release|Any CPU
		{7A04BF3F-D9DC-4959-A130-5D587A7459FB}.Release|Any CPU.Build.0 = Release|Any CPU
	EndGlobalSection
	GlobalSection(SolutionProperties) = preSolution
		HideSolutionNode = FALSE
	EndGlobalSection
	GlobalSection(NestedProjects) = preSolution
		{0787DFC6-AB24-4D00-A8A4-FF203DC7D080} = {A8A1A4EE-E04A-43AB-90C9-41E7B82EE1E5}
		{D3EA1078-BF3D-4709-871C-AAFF70B95045} = {A8A1A4EE-E04A-43AB-90C9-41E7B82EE1E5}
		{672BFA2E-9F93-496F-B188-40579FB5D301} = {A8A1A4EE-E04A-43AB-90C9-41E7B82EE1E5}
		{E0370049-54DB-46B4-A6EF-CF6AF3A8A568} = {0787DFC6-AB24-4D00-A8A4-FF203DC7D080}
		{22B2A860-9CB2-44DE-9C68-B497BF356CFA} = {672BFA2E-9F93-496F-B188-40579FB5D301}
		{7C9DF271-17CD-4FE7-A7B4-21446232AB0E} = {672BFA2E-9F93-496F-B188-40579FB5D301}
		{7A04BF3F-D9DC-4959-A130-5D587A7459FB} = {D3EA1078-BF3D-4709-871C-AAFF70B95045}
	EndGlobalSection
	GlobalSection(ExtensibilityGlobals) = postSolution
		SolutionGuid = {7CD1B54A-2F0F-43A4-9A73-673ABF8E170A}
	EndGlobalSection
EndGlobal
