Microsoft Visual Studio Solution File, Format Version 12.00
# Visual Studio Version 17
VisualStudioVersion = 17.9.34321.82
MinimumVisualStudioVersion = 10.0.40219.1
Project("{2150E333-8FDC-42A3-9474-1A3956D46DE8}") = "src", "src", "{A8A1A4EE-E04A-43AB-90C9-41E7B82EE1E5}"
EndProject
Project("{2150E333-8FDC-42A3-9474-1A3956D46DE8}") = "misc", "misc", "{1FE0D431-A761-4239-B2D6-D32C70723FD2}"
	ProjectSection(SolutionItems) = preProject
		Directory.build.project.props = Directory.build.project.props
		Directory.build.props = Directory.build.props
		Directory.build.shared.explicit.props = Directory.build.shared.explicit.props
		Directory.build.shared.implicit.props = Directory.build.shared.implicit.props
		Directory.build.shared.mat.props = Directory.build.shared.mat.props
		Directory.build.targets = Directory.build.targets
		GlobalSuppressions.cs = GlobalSuppressions.cs
		nuget.config = nuget.config
		Orc.Memento.sln.DotSettings = Orc.Memento.sln.DotSettings
		SolutionAssemblyInfo.cs = SolutionAssemblyInfo.cs
	EndProjectSection
EndProject
Project("{2150E333-8FDC-42A3-9474-1A3956D46DE8}") = "Core", "Core", "{0787DFC6-AB24-4D00-A8A4-FF203DC7D080}"
EndProject
Project("{2150E333-8FDC-42A3-9474-1A3956D46DE8}") = "Tests", "Tests", "{D3EA1078-BF3D-4709-871C-AAFF70B95045}"
EndProject
Project("{2150E333-8FDC-42A3-9474-1A3956D46DE8}") = "Example", "Example", "{672BFA2E-9F93-496F-B188-40579FB5D301}"
EndProject
Project("{9A19103F-16F7-4668-BE54-9A1E7A4F7556}") = "Orc.Memento", "Orc.Memento\Orc.Memento.csproj", "{7073B93B-7BE9-4AB6-BF0C-813F0491F32A}"
EndProject
Project("{9A19103F-16F7-4668-BE54-9A1E7A4F7556}") = "Orc.Memento.Tests", "Orc.Memento.Tests\Orc.Memento.Tests.csproj", "{7A04BF3F-D9DC-4959-A130-5D587A7459FB}"
EndProject
Project("{9A19103F-16F7-4668-BE54-9A1E7A4F7556}") = "Orc.Memento.Example", "Orc.Memento.Example\Orc.Memento.Example.csproj", "{1856F50F-060F-4513-9BCD-B83E0CCF50FD}"
EndProject
Global
	GlobalSection(SolutionConfigurationPlatforms) = preSolution
		Debug|Any CPU = Debug|Any CPU
		Release|Any CPU = Release|Any CPU
	EndGlobalSection
	GlobalSection(ProjectConfigurationPlatforms) = postSolution
		{7073B93B-7BE9-4AB6-BF0C-813F0491F32A}.Debug|Any CPU.ActiveCfg = Debug|Any CPU
		{7073B93B-7BE9-4AB6-BF0C-813F0491F32A}.Debug|Any CPU.Build.0 = Debug|Any CPU
		{7073B93B-7BE9-4AB6-BF0C-813F0491F32A}.Release|Any CPU.ActiveCfg = Release|Any CPU
		{7073B93B-7BE9-4AB6-BF0C-813F0491F32A}.Release|Any CPU.Build.0 = Release|Any CPU
		{7A04BF3F-D9DC-4959-A130-5D587A7459FB}.Debug|Any CPU.ActiveCfg = Debug|Any CPU
		{7A04BF3F-D9DC-4959-A130-5D587A7459FB}.Debug|Any CPU.Build.0 = Debug|Any CPU
		{7A04BF3F-D9DC-4959-A130-5D587A7459FB}.Release|Any CPU.ActiveCfg = Release|Any CPU
		{7A04BF3F-D9DC-4959-A130-5D587A7459FB}.Release|Any CPU.Build.0 = Release|Any CPU
		{1856F50F-060F-4513-9BCD-B83E0CCF50FD}.Debug|Any CPU.ActiveCfg = Debug|Any CPU
		{1856F50F-060F-4513-9BCD-B83E0CCF50FD}.Debug|Any CPU.Build.0 = Debug|Any CPU
		{1856F50F-060F-4513-9BCD-B83E0CCF50FD}.Release|Any CPU.ActiveCfg = Release|Any CPU
		{1856F50F-060F-4513-9BCD-B83E0CCF50FD}.Release|Any CPU.Build.0 = Release|Any CPU
	EndGlobalSection
	GlobalSection(SolutionProperties) = preSolution
		HideSolutionNode = FALSE
	EndGlobalSection
	GlobalSection(NestedProjects) = preSolution
		{0787DFC6-AB24-4D00-A8A4-FF203DC7D080} = {A8A1A4EE-E04A-43AB-90C9-41E7B82EE1E5}
		{D3EA1078-BF3D-4709-871C-AAFF70B95045} = {A8A1A4EE-E04A-43AB-90C9-41E7B82EE1E5}
		{672BFA2E-9F93-496F-B188-40579FB5D301} = {A8A1A4EE-E04A-43AB-90C9-41E7B82EE1E5}
		{7073B93B-7BE9-4AB6-BF0C-813F0491F32A} = {0787DFC6-AB24-4D00-A8A4-FF203DC7D080}
		{7A04BF3F-D9DC-4959-A130-5D587A7459FB} = {D3EA1078-BF3D-4709-871C-AAFF70B95045}
		{1856F50F-060F-4513-9BCD-B83E0CCF50FD} = {672BFA2E-9F93-496F-B188-40579FB5D301}
	EndGlobalSection
	GlobalSection(ExtensibilityGlobals) = postSolution
		SolutionGuid = {7CD1B54A-2F0F-43A4-9A73-673ABF8E170A}
	EndGlobalSection
EndGlobal
